
Microsoft Visual Studio Solution File, Format Version 12.00
# Visual Studio Version 17
VisualStudioVersion = 17.13.35825.156 d17.13
MinimumVisualStudioVersion = 10.0.40219.1
Project("{FAE04EC0-301F-11D3-BF4B-00C04F79EFBC}") = "Sys_Lesson8", "Sys_Lesson8\Sys_Lesson8.csproj", "{F7F3C485-5574-41F1-B41B-2437BF97A526}"
EndProject
Global
	GlobalSection(SolutionConfigurationPlatforms) = preSolution
		Debug|Any CPU = Debug|Any CPU
		Release|Any CPU = Release|Any CPU
	EndGlobalSection
	GlobalSection(ProjectConfigurationPlatforms) = postSolution
		{F7F3C485-5574-41F1-B41B-2437BF97A526}.Debug|Any CPU.ActiveCfg = Debug|Any CPU
		{F7F3C485-5574-41F1-B41B-2437BF97A526}.Debug|Any CPU.Build.0 = Debug|Any CPU
		{F7F3C485-5574-41F1-B41B-2437BF97A526}.Release|Any CPU.ActiveCfg = Release|Any CPU
		{F7F3C485-5574-41F1-B41B-2437BF97A526}.Release|Any CPU.Build.0 = Release|Any CPU
	EndGlobalSection
	GlobalSection(SolutionProperties) = preSolution
		HideSolutionNode = FALSE
	EndGlobalSection
	GlobalSection(ExtensibilityGlobals) = postSolution
		SolutionGuid = {5305D746-C115-4C30-9624-061B17CE476C}
	EndGlobalSection
EndGlobal
